// !$*UTF8*$!
{
	archiveVersion = 1;
	classes = {
	};
	objectVersion = 46;
	objects = {

/* Begin PBXBuildFile section */
		C00BBCBC14C1E90A00CB5002 /* UIKit.framework in Frameworks */ = {isa = PBXBuildFile; fileRef = C00BBCBB14C1E90A00CB5002 /* UIKit.framework */; };
		C00BBCBE14C1E90A00CB5002 /* Foundation.framework in Frameworks */ = {isa = PBXBuildFile; fileRef = C00BBCBD14C1E90A00CB5002 /* Foundation.framework */; };
		C00BBCC014C1E90A00CB5002 /* CoreGraphics.framework in Frameworks */ = {isa = PBXBuildFile; fileRef = C00BBCBF14C1E90A00CB5002 /* CoreGraphics.framework */; };
		C00BBCC614C1E90A00CB5002 /* InfoPlist.strings in Resources */ = {isa = PBXBuildFile; fileRef = C00BBCC414C1E90A00CB5002 /* InfoPlist.strings */; };
		C00BBCC814C1E90A00CB5002 /* main.m in Sources */ = {isa = PBXBuildFile; fileRef = C00BBCC714C1E90A00CB5002 /* main.m */; };
		C00BBCCC14C1E90A00CB5002 /* AppDelegate.m in Sources */ = {isa = PBXBuildFile; fileRef = C00BBCCB14C1E90A00CB5002 /* AppDelegate.m */; };
		C00BBCCF14C1E90A00CB5002 /* ViewController.m in Sources */ = {isa = PBXBuildFile; fileRef = C00BBCCE14C1E90A00CB5002 /* ViewController.m */; };
		C00BBCD214C1E90A00CB5002 /* ViewController.xib in Resources */ = {isa = PBXBuildFile; fileRef = C00BBCD014C1E90A00CB5002 /* ViewController.xib */; };
/* End PBXBuildFile section */

/* Begin PBXFileReference section */
		C00BBCB714C1E90900CB5002 /* FBDemoApp.app */ = {isa = PBXFileReference; explicitFileType = wrapper.application; includeInIndex = 0; path = FBDemoApp.app; sourceTree = BUILT_PRODUCTS_DIR; };
		C00BBCBB14C1E90A00CB5002 /* UIKit.framework */ = {isa = PBXFileReference; lastKnownFileType = wrapper.framework; name = UIKit.framework; path = System/Library/Frameworks/UIKit.framework; sourceTree = SDKROOT; };
		C00BBCBD14C1E90A00CB5002 /* Foundation.framework */ = {isa = PBXFileReference; lastKnownFileType = wrapper.framework; name = Foundation.framework; path = System/Library/Frameworks/Foundation.framework; sourceTree = SDKROOT; };
		C00BBCBF14C1E90A00CB5002 /* CoreGraphics.framework */ = {isa = PBXFileReference; lastKnownFileType = wrapper.framework; name = CoreGraphics.framework; path = System/Library/Frameworks/CoreGraphics.framework; sourceTree = SDKROOT; };
		C00BBCC314C1E90A00CB5002 /* FBDemoApp-Info.plist */ = {isa = PBXFileReference; lastKnownFileType = text.plist.xml; path = "FBDemoApp-Info.plist"; sourceTree = "<group>"; };
		C00BBCC514C1E90A00CB5002 /* en */ = {isa = PBXFileReference; lastKnownFileType = text.plist.strings; name = en; path = en.lproj/InfoPlist.strings; sourceTree = "<group>"; };
		C00BBCC714C1E90A00CB5002 /* main.m */ = {isa = PBXFileReference; lastKnownFileType = sourcecode.c.objc; path = main.m; sourceTree = "<group>"; };
		C00BBCC914C1E90A00CB5002 /* FBDemoApp-Prefix.pch */ = {isa = PBXFileReference; lastKnownFileType = sourcecode.c.h; path = "FBDemoApp-Prefix.pch"; sourceTree = "<group>"; };
		C00BBCCA14C1E90A00CB5002 /* AppDelegate.h */ = {isa = PBXFileReference; lastKnownFileType = sourcecode.c.h; path = AppDelegate.h; sourceTree = "<group>"; };
		C00BBCCB14C1E90A00CB5002 /* AppDelegate.m */ = {isa = PBXFileReference; lastKnownFileType = sourcecode.c.objc; path = AppDelegate.m; sourceTree = "<group>"; };
		C00BBCCD14C1E90A00CB5002 /* ViewController.h */ = {isa = PBXFileReference; lastKnownFileType = sourcecode.c.h; path = ViewController.h; sourceTree = "<group>"; };
		C00BBCCE14C1E90A00CB5002 /* ViewController.m */ = {isa = PBXFileReference; lastKnownFileType = sourcecode.c.objc; path = ViewController.m; sourceTree = "<group>"; };
		C00BBCD114C1E90A00CB5002 /* en */ = {isa = PBXFileReference; lastKnownFileType = file.xib; name = en; path = en.lproj/ViewController.xib; sourceTree = "<group>"; };
/* End PBXFileReference section */

/* Begin PBXFrameworksBuildPhase section */
		C00BBCB414C1E90900CB5002 /* Frameworks */ = {
			isa = PBXFrameworksBuildPhase;
			buildActionMask = 2147483647;
			files = (
				C00BBCBC14C1E90A00CB5002 /* UIKit.framework in Frameworks */,
				C00BBCBE14C1E90A00CB5002 /* Foundation.framework in Frameworks */,
				C00BBCC014C1E90A00CB5002 /* CoreGraphics.framework in Frameworks */,
			);
			runOnlyForDeploymentPostprocessing = 0;
		};
/* End PBXFrameworksBuildPhase section */

/* Begin PBXGroup section */
		C00BBCAC14C1E90900CB5002 = {
			isa = PBXGroup;
			children = (
				C00BBCC114C1E90A00CB5002 /* FBDemoApp */,
				C00BBCBA14C1E90900CB5002 /* Frameworks */,
				C00BBCB814C1E90900CB5002 /* Products */,
			);
			sourceTree = "<group>";
		};
		C00BBCB814C1E90900CB5002 /* Products */ = {
			isa = PBXGroup;
			children = (
				C00BBCB714C1E90900CB5002 /* FBDemoApp.app */,
			);
			name = Products;
			sourceTree = "<group>";
		};
		C00BBCBA14C1E90900CB5002 /* Frameworks */ = {
			isa = PBXGroup;
			children = (
				C00BBCBB14C1E90A00CB5002 /* UIKit.framework */,
				C00BBCBD14C1E90A00CB5002 /* Foundation.framework */,
				C00BBCBF14C1E90A00CB5002 /* CoreGraphics.framework */,
			);
			name = Frameworks;
			sourceTree = "<group>";
		};
		C00BBCC114C1E90A00CB5002 /* FBDemoApp */ = {
			isa = PBXGroup;
			children = (
				C00BBCCA14C1E90A00CB5002 /* AppDelegate.h */,
				C00BBCCB14C1E90A00CB5002 /* AppDelegate.m */,
				C00BBCCD14C1E90A00CB5002 /* ViewController.h */,
				C00BBCCE14C1E90A00CB5002 /* ViewController.m */,
				C00BBCD014C1E90A00CB5002 /* ViewController.xib */,
				C00BBCC214C1E90A00CB5002 /* Supporting Files */,
			);
			path = FBDemoApp;
			sourceTree = "<group>";
		};
		C00BBCC214C1E90A00CB5002 /* Supporting Files */ = {
			isa = PBXGroup;
			children = (
				C00BBCC314C1E90A00CB5002 /* FBDemoApp-Info.plist */,
				C00BBCC414C1E90A00CB5002 /* InfoPlist.strings */,
				C00BBCC714C1E90A00CB5002 /* main.m */,
				C00BBCC914C1E90A00CB5002 /* FBDemoApp-Prefix.pch */,
			);
			name = "Supporting Files";
			sourceTree = "<group>";
		};
/* End PBXGroup section */

/* Begin PBXNativeTarget section */
		C00BBCB614C1E90900CB5002 /* FBDemoApp */ = {
			isa = PBXNativeTarget;
			buildConfigurationList = C00BBCD514C1E90A00CB5002 /* Build configuration list for PBXNativeTarget "FBDemoApp" */;
			buildPhases = (
				C00BBCB314C1E90900CB5002 /* Sources */,
				C00BBCB414C1E90900CB5002 /* Frameworks */,
				C00BBCB514C1E90900CB5002 /* Resources */,
			);
			buildRules = (
			);
			dependencies = (
			);
			name = FBDemoApp;
			productName = FBDemoApp;
			productReference = C00BBCB714C1E90900CB5002 /* FBDemoApp.app */;
			productType = "com.apple.product-type.application";
		};
/* End PBXNativeTarget section */

/* Begin PBXProject section */
		C00BBCAE14C1E90900CB5002 /* Project object */ = {
			isa = PBXProject;
			attributes = {
				LastUpgradeCheck = 0420;
			};
			buildConfigurationList = C00BBCB114C1E90900CB5002 /* Build configuration list for PBXProject "FBDemoApp" */;
			compatibilityVersion = "Xcode 3.2";
			developmentRegion = English;
			hasScannedForEncodings = 0;
			knownRegions = (
				en,
			);
			mainGroup = C00BBCAC14C1E90900CB5002;
			productRefGroup = C00BBCB814C1E90900CB5002 /* Products */;
			projectDirPath = "";
			projectRoot = "";
			targets = (
				C00BBCB614C1E90900CB5002 /* FBDemoApp */,
			);
		};
/* End PBXProject section */

/* Begin PBXResourcesBuildPhase section */
		C00BBCB514C1E90900CB5002 /* Resources */ = {
			isa = PBXResourcesBuildPhase;
			buildActionMask = 2147483647;
			files = (
				C00BBCC614C1E90A00CB5002 /* InfoPlist.strings in Resources */,
				C00BBCD214C1E90A00CB5002 /* ViewController.xib in Resources */,
			);
			runOnlyForDeploymentPostprocessing = 0;
		};
/* End PBXResourcesBuildPhase section */

/* Begin PBXSourcesBuildPhase section */
		C00BBCB314C1E90900CB5002 /* Sources */ = {
			isa = PBXSourcesBuildPhase;
			buildActionMask = 2147483647;
			files = (
				C00BBCC814C1E90A00CB5002 /* main.m in Sources */,
				C00BBCCC14C1E90A00CB5002 /* AppDelegate.m in Sources */,
				C00BBCCF14C1E90A00CB5002 /* ViewController.m in Sources */,
			);
			runOnlyForDeploymentPostprocessing = 0;
		};
/* End PBXSourcesBuildPhase section */

/* Begin PBXVariantGroup section */
		C00BBCC414C1E90A00CB5002 /* InfoPlist.strings */ = {
			isa = PBXVariantGroup;
			children = (
				C00BBCC514C1E90A00CB5002 /* en */,
			);
			name = InfoPlist.strings;
			sourceTree = "<group>";
		};
		C00BBCD014C1E90A00CB5002 /* ViewController.xib */ = {
			isa = PBXVariantGroup;
			children = (
				C00BBCD114C1E90A00CB5002 /* en */,
			);
			name = ViewController.xib;
			sourceTree = "<group>";
		};
/* End PBXVariantGroup section */

/* Begin XCBuildConfiguration section */
		C00BBCD314C1E90A00CB5002 /* Debug */ = {
			isa = XCBuildConfiguration;
			buildSettings = {
				ALWAYS_SEARCH_USER_PATHS = NO;
				ARCHS = "$(ARCHS_STANDARD_32_BIT)";
				"CODE_SIGN_IDENTITY[sdk=iphoneos*]" = "iPhone Developer";
				COPY_PHASE_STRIP = NO;
				GCC_C_LANGUAGE_STANDARD = gnu99;
				GCC_DYNAMIC_NO_PIC = NO;
				GCC_OPTIMIZATION_LEVEL = 0;
				GCC_PREPROCESSOR_DEFINITIONS = (
					"DEBUG=1",
					"$(inherited)",
				);
				GCC_SYMBOLS_PRIVATE_EXTERN = NO;
				GCC_VERSION = com.apple.compilers.llvm.clang.1_0;
				GCC_WARN_ABOUT_MISSING_PROTOTYPES = YES;
				GCC_WARN_ABOUT_RETURN_TYPE = YES;
				GCC_WARN_UNUSED_VARIABLE = YES;
				IPHONEOS_DEPLOYMENT_TARGET = 5.0;
				SDKROOT = iphoneos;
			};
			name = Debug;
		};
		C00BBCD414C1E90A00CB5002 /* Release */ = {
			isa = XCBuildConfiguration;
			buildSettings = {
				ALWAYS_SEARCH_USER_PATHS = NO;
				ARCHS = "$(ARCHS_STANDARD_32_BIT)";
				"CODE_SIGN_IDENTITY[sdk=iphoneos*]" = "iPhone Developer";
				COPY_PHASE_STRIP = YES;
				GCC_C_LANGUAGE_STANDARD = gnu99;
				GCC_VERSION = com.apple.compilers.llvm.clang.1_0;
				GCC_WARN_ABOUT_MISSING_PROTOTYPES = YES;
				GCC_WARN_ABOUT_RETURN_TYPE = YES;
				GCC_WARN_UNUSED_VARIABLE = YES;
				IPHONEOS_DEPLOYMENT_TARGET = 5.0;
				OTHER_CFLAGS = "-DNS_BLOCK_ASSERTIONS=1";
				SDKROOT = iphoneos;
				VALIDATE_PRODUCT = YES;
			};
			name = Release;
		};
		C00BBCD614C1E90A00CB5002 /* Debug */ = {
			isa = XCBuildConfiguration;
			buildSettings = {
				GCC_PRECOMPILE_PREFIX_HEADER = YES;
				GCC_PREFIX_HEADER = "FBDemoApp/FBDemoApp-Prefix.pch";
				INFOPLIST_FILE = "FBDemoApp/FBDemoApp-Info.plist";
				PRODUCT_NAME = "$(TARGET_NAME)";
				WRAPPER_EXTENSION = app;
			};
			name = Debug;
		};
		C00BBCD714C1E90A00CB5002 /* Release */ = {
			isa = XCBuildConfiguration;
			buildSettings = {
				GCC_PRECOMPILE_PREFIX_HEADER = YES;
				GCC_PREFIX_HEADER = "FBDemoApp/FBDemoApp-Prefix.pch";
				INFOPLIST_FILE = "FBDemoApp/FBDemoApp-Info.plist";
				PRODUCT_NAME = "$(TARGET_NAME)";
				WRAPPER_EXTENSION = app;
			};
			name = Release;
		};
/* End XCBuildConfiguration section */

/* Begin XCConfigurationList section */
		C00BBCB114C1E90900CB5002 /* Build configuration list for PBXProject "FBDemoApp" */ = {
			isa = XCConfigurationList;
			buildConfigurations = (
				C00BBCD314C1E90A00CB5002 /* Debug */,
				C00BBCD414C1E90A00CB5002 /* Release */,
			);
			defaultConfigurationIsVisible = 0;
			defaultConfigurationName = Release;
		};
		C00BBCD514C1E90A00CB5002 /* Build configuration list for PBXNativeTarget "FBDemoApp" */ = {
			isa = XCConfigurationList;
			buildConfigurations = (
				C00BBCD614C1E90A00CB5002 /* Debug */,
				C00BBCD714C1E90A00CB5002 /* Release */,
			);
			defaultConfigurationIsVisible = 0;
		};
/* End XCConfigurationList section */
	};
	rootObject = C00BBCAE14C1E90900CB5002 /* Project object */;
}
