// !$*UTF8*$!
{
	archiveVersion = 1;
	classes = {
	};
	objectVersion = 46;
	objects = {

/* Begin PBXBuildFile section */
		C00BBCBC14C1E90A00CB5002 /* UIKit.framework in Frameworks */ = {isa = PBXBuildFile; fileRef = C00BBCBB14C1E90A00CB5002 /* UIKit.framework */; };
		C00BBCBE14C1E90A00CB5002 /* Foundation.framework in Frameworks */ = {isa = PBXBuildFile; fileRef = C00BBCBD14C1E90A00CB5002 /* Foundation.framework */; };
		C00BBCC014C1E90A00CB5002 /* CoreGraphics.framework in Frameworks */ = {isa = PBXBuildFile; fileRef = C00BBCBF14C1E90A00CB5002 /* CoreGraphics.framework */; };
		C00BBCC614C1E90A00CB5002 /* InfoPlist.strings in Resources */ = {isa = PBXBuildFile; fileRef = C00BBCC414C1E90A00CB5002 /* InfoPlist.strings */; };
		C00BBCC814C1E90A00CB5002 /* main.m in Sources */ = {isa = PBXBuildFile; fileRef = C00BBCC714C1E90A00CB5002 /* main.m */; };
		C00BBCCC14C1E90A00CB5002 /* AppDelegate.m in Sources */ = {isa = PBXBuildFile; fileRef = C00BBCCB14C1E90A00CB5002 /* AppDelegate.m */; };
		C00BBCCF14C1E90A00CB5002 /* ViewController.m in Sources */ = {isa = PBXBuildFile; fileRef = C00BBCCE14C1E90A00CB5002 /* ViewController.m */; };
		C00BBCD214C1E90A00CB5002 /* ViewController.xib in Resources */ = {isa = PBXBuildFile; fileRef = C00BBCD014C1E90A00CB5002 /* ViewController.xib */; };
		C00BBD8414C1EC2E00CB5002 /* AFHTTPClient.m in Sources */ = {isa = PBXBuildFile; fileRef = C00BBD6F14C1EC2E00CB5002 /* AFHTTPClient.m */; };
		C00BBD8514C1EC2E00CB5002 /* AFHTTPRequestOperation.m in Sources */ = {isa = PBXBuildFile; fileRef = C00BBD7114C1EC2E00CB5002 /* AFHTTPRequestOperation.m */; };
		C00BBD8614C1EC2E00CB5002 /* AFImageCache.m in Sources */ = {isa = PBXBuildFile; fileRef = C00BBD7314C1EC2E00CB5002 /* AFImageCache.m */; };
		C00BBD8714C1EC2E00CB5002 /* AFImageRequestOperation.m in Sources */ = {isa = PBXBuildFile; fileRef = C00BBD7514C1EC2E00CB5002 /* AFImageRequestOperation.m */; };
		C00BBD8814C1EC2E00CB5002 /* AFJSONRequestOperation.m in Sources */ = {isa = PBXBuildFile; fileRef = C00BBD7714C1EC2E00CB5002 /* AFJSONRequestOperation.m */; };
		C00BBD8914C1EC2E00CB5002 /* AFNetworkActivityIndicatorManager.m in Sources */ = {isa = PBXBuildFile; fileRef = C00BBD7A14C1EC2E00CB5002 /* AFNetworkActivityIndicatorManager.m */; };
		C00BBD8A14C1EC2E00CB5002 /* AFPropertyListRequestOperation.m in Sources */ = {isa = PBXBuildFile; fileRef = C00BBD7D14C1EC2E00CB5002 /* AFPropertyListRequestOperation.m */; };
		C00BBD8B14C1EC2E00CB5002 /* AFURLConnectionOperation.m in Sources */ = {isa = PBXBuildFile; fileRef = C00BBD7F14C1EC2E00CB5002 /* AFURLConnectionOperation.m */; };
		C00BBD8C14C1EC2E00CB5002 /* AFXMLRequestOperation.m in Sources */ = {isa = PBXBuildFile; fileRef = C00BBD8114C1EC2E00CB5002 /* AFXMLRequestOperation.m */; };
		C00BBD8D14C1EC2E00CB5002 /* UIImageView+AFNetworking.m in Sources */ = {isa = PBXBuildFile; fileRef = C00BBD8314C1EC2E00CB5002 /* UIImageView+AFNetworking.m */; };
		C00BBDDC14C1EE3300CB5002 /* Facebook.m in Sources */ = {isa = PBXBuildFile; fileRef = C00BBDC114C1EE3300CB5002 /* Facebook.m */; };
		C00BBDDD14C1EE3300CB5002 /* FBDialog.bundle in Resources */ = {isa = PBXBuildFile; fileRef = C00BBDC414C1EE3300CB5002 /* FBDialog.bundle */; };
		C00BBDDE14C1EE3300CB5002 /* FBDialog.m in Sources */ = {isa = PBXBuildFile; fileRef = C00BBDC614C1EE3300CB5002 /* FBDialog.m */; };
		C00BBDDF14C1EE3300CB5002 /* FBLoginDialog.m in Sources */ = {isa = PBXBuildFile; fileRef = C00BBDC814C1EE3300CB5002 /* FBLoginDialog.m */; };
		C00BBDE014C1EE3300CB5002 /* FBRequest.m in Sources */ = {isa = PBXBuildFile; fileRef = C00BBDCA14C1EE3300CB5002 /* FBRequest.m */; };
		C00BBDE114C1EE3300CB5002 /* NSObject+SBJSON.m in Sources */ = {isa = PBXBuildFile; fileRef = C00BBDCE14C1EE3300CB5002 /* NSObject+SBJSON.m */; };
		C00BBDE214C1EE3300CB5002 /* NSString+SBJSON.m in Sources */ = {isa = PBXBuildFile; fileRef = C00BBDD014C1EE3300CB5002 /* NSString+SBJSON.m */; };
		C00BBDE314C1EE3300CB5002 /* SBJSON.m in Sources */ = {isa = PBXBuildFile; fileRef = C00BBDD214C1EE3300CB5002 /* SBJSON.m */; };
		C00BBDE414C1EE3300CB5002 /* SBJsonBase.m in Sources */ = {isa = PBXBuildFile; fileRef = C00BBDD414C1EE3300CB5002 /* SBJsonBase.m */; };
		C00BBDE514C1EE3300CB5002 /* SBJsonParser.m in Sources */ = {isa = PBXBuildFile; fileRef = C00BBDD614C1EE3300CB5002 /* SBJsonParser.m */; };
		C00BBDE614C1EE3300CB5002 /* SBJsonWriter.m in Sources */ = {isa = PBXBuildFile; fileRef = C00BBDD814C1EE3300CB5002 /* SBJsonWriter.m */; };
/* End PBXBuildFile section */

/* Begin PBXFileReference section */
		C00BBCB714C1E90900CB5002 /* FBDemoApp.app */ = {isa = PBXFileReference; explicitFileType = wrapper.application; includeInIndex = 0; path = FBDemoApp.app; sourceTree = BUILT_PRODUCTS_DIR; };
		C00BBCBB14C1E90A00CB5002 /* UIKit.framework */ = {isa = PBXFileReference; lastKnownFileType = wrapper.framework; name = UIKit.framework; path = System/Library/Frameworks/UIKit.framework; sourceTree = SDKROOT; };
		C00BBCBD14C1E90A00CB5002 /* Foundation.framework */ = {isa = PBXFileReference; lastKnownFileType = wrapper.framework; name = Foundation.framework; path = System/Library/Frameworks/Foundation.framework; sourceTree = SDKROOT; };
		C00BBCBF14C1E90A00CB5002 /* CoreGraphics.framework */ = {isa = PBXFileReference; lastKnownFileType = wrapper.framework; name = CoreGraphics.framework; path = System/Library/Frameworks/CoreGraphics.framework; sourceTree = SDKROOT; };
		C00BBCC314C1E90A00CB5002 /* FBDemoApp-Info.plist */ = {isa = PBXFileReference; lastKnownFileType = text.plist.xml; path = "FBDemoApp-Info.plist"; sourceTree = "<group>"; };
		C00BBCC514C1E90A00CB5002 /* en */ = {isa = PBXFileReference; lastKnownFileType = text.plist.strings; name = en; path = en.lproj/InfoPlist.strings; sourceTree = "<group>"; };
		C00BBCC714C1E90A00CB5002 /* main.m */ = {isa = PBXFileReference; lastKnownFileType = sourcecode.c.objc; path = main.m; sourceTree = "<group>"; };
		C00BBCC914C1E90A00CB5002 /* FBDemoApp-Prefix.pch */ = {isa = PBXFileReference; lastKnownFileType = sourcecode.c.h; path = "FBDemoApp-Prefix.pch"; sourceTree = "<group>"; };
		C00BBCCA14C1E90A00CB5002 /* AppDelegate.h */ = {isa = PBXFileReference; lastKnownFileType = sourcecode.c.h; path = AppDelegate.h; sourceTree = "<group>"; };
		C00BBCCB14C1E90A00CB5002 /* AppDelegate.m */ = {isa = PBXFileReference; lastKnownFileType = sourcecode.c.objc; path = AppDelegate.m; sourceTree = "<group>"; };
		C00BBCCD14C1E90A00CB5002 /* ViewController.h */ = {isa = PBXFileReference; lastKnownFileType = sourcecode.c.h; path = ViewController.h; sourceTree = "<group>"; };
		C00BBCCE14C1E90A00CB5002 /* ViewController.m */ = {isa = PBXFileReference; lastKnownFileType = sourcecode.c.objc; path = ViewController.m; sourceTree = "<group>"; };
		C00BBCD114C1E90A00CB5002 /* en */ = {isa = PBXFileReference; lastKnownFileType = file.xib; name = en; path = en.lproj/ViewController.xib; sourceTree = "<group>"; };
		C00BBD6E14C1EC2E00CB5002 /* AFHTTPClient.h */ = {isa = PBXFileReference; fileEncoding = 4; lastKnownFileType = sourcecode.c.h; path = AFHTTPClient.h; sourceTree = "<group>"; };
		C00BBD6F14C1EC2E00CB5002 /* AFHTTPClient.m */ = {isa = PBXFileReference; fileEncoding = 4; lastKnownFileType = sourcecode.c.objc; path = AFHTTPClient.m; sourceTree = "<group>"; };
		C00BBD7014C1EC2E00CB5002 /* AFHTTPRequestOperation.h */ = {isa = PBXFileReference; fileEncoding = 4; lastKnownFileType = sourcecode.c.h; path = AFHTTPRequestOperation.h; sourceTree = "<group>"; };
		C00BBD7114C1EC2E00CB5002 /* AFHTTPRequestOperation.m */ = {isa = PBXFileReference; fileEncoding = 4; lastKnownFileType = sourcecode.c.objc; path = AFHTTPRequestOperation.m; sourceTree = "<group>"; };
		C00BBD7214C1EC2E00CB5002 /* AFImageCache.h */ = {isa = PBXFileReference; fileEncoding = 4; lastKnownFileType = sourcecode.c.h; path = AFImageCache.h; sourceTree = "<group>"; };
		C00BBD7314C1EC2E00CB5002 /* AFImageCache.m */ = {isa = PBXFileReference; fileEncoding = 4; lastKnownFileType = sourcecode.c.objc; path = AFImageCache.m; sourceTree = "<group>"; };
		C00BBD7414C1EC2E00CB5002 /* AFImageRequestOperation.h */ = {isa = PBXFileReference; fileEncoding = 4; lastKnownFileType = sourcecode.c.h; path = AFImageRequestOperation.h; sourceTree = "<group>"; };
		C00BBD7514C1EC2E00CB5002 /* AFImageRequestOperation.m */ = {isa = PBXFileReference; fileEncoding = 4; lastKnownFileType = sourcecode.c.objc; path = AFImageRequestOperation.m; sourceTree = "<group>"; };
		C00BBD7614C1EC2E00CB5002 /* AFJSONRequestOperation.h */ = {isa = PBXFileReference; fileEncoding = 4; lastKnownFileType = sourcecode.c.h; path = AFJSONRequestOperation.h; sourceTree = "<group>"; };
		C00BBD7714C1EC2E00CB5002 /* AFJSONRequestOperation.m */ = {isa = PBXFileReference; fileEncoding = 4; lastKnownFileType = sourcecode.c.objc; path = AFJSONRequestOperation.m; sourceTree = "<group>"; };
		C00BBD7814C1EC2E00CB5002 /* AFJSONUtilities.h */ = {isa = PBXFileReference; fileEncoding = 4; lastKnownFileType = sourcecode.c.h; path = AFJSONUtilities.h; sourceTree = "<group>"; };
		C00BBD7914C1EC2E00CB5002 /* AFNetworkActivityIndicatorManager.h */ = {isa = PBXFileReference; fileEncoding = 4; lastKnownFileType = sourcecode.c.h; path = AFNetworkActivityIndicatorManager.h; sourceTree = "<group>"; };
		C00BBD7A14C1EC2E00CB5002 /* AFNetworkActivityIndicatorManager.m */ = {isa = PBXFileReference; fileEncoding = 4; lastKnownFileType = sourcecode.c.objc; path = AFNetworkActivityIndicatorManager.m; sourceTree = "<group>"; };
		C00BBD7B14C1EC2E00CB5002 /* AFNetworking.h */ = {isa = PBXFileReference; fileEncoding = 4; lastKnownFileType = sourcecode.c.h; path = AFNetworking.h; sourceTree = "<group>"; };
		C00BBD7C14C1EC2E00CB5002 /* AFPropertyListRequestOperation.h */ = {isa = PBXFileReference; fileEncoding = 4; lastKnownFileType = sourcecode.c.h; path = AFPropertyListRequestOperation.h; sourceTree = "<group>"; };
		C00BBD7D14C1EC2E00CB5002 /* AFPropertyListRequestOperation.m */ = {isa = PBXFileReference; fileEncoding = 4; lastKnownFileType = sourcecode.c.objc; path = AFPropertyListRequestOperation.m; sourceTree = "<group>"; };
		C00BBD7E14C1EC2E00CB5002 /* AFURLConnectionOperation.h */ = {isa = PBXFileReference; fileEncoding = 4; lastKnownFileType = sourcecode.c.h; path = AFURLConnectionOperation.h; sourceTree = "<group>"; };
		C00BBD7F14C1EC2E00CB5002 /* AFURLConnectionOperation.m */ = {isa = PBXFileReference; fileEncoding = 4; lastKnownFileType = sourcecode.c.objc; path = AFURLConnectionOperation.m; sourceTree = "<group>"; };
		C00BBD8014C1EC2E00CB5002 /* AFXMLRequestOperation.h */ = {isa = PBXFileReference; fileEncoding = 4; lastKnownFileType = sourcecode.c.h; path = AFXMLRequestOperation.h; sourceTree = "<group>"; };
		C00BBD8114C1EC2E00CB5002 /* AFXMLRequestOperation.m */ = {isa = PBXFileReference; fileEncoding = 4; lastKnownFileType = sourcecode.c.objc; path = AFXMLRequestOperation.m; sourceTree = "<group>"; };
		C00BBD8214C1EC2E00CB5002 /* UIImageView+AFNetworking.h */ = {isa = PBXFileReference; fileEncoding = 4; lastKnownFileType = sourcecode.c.h; path = "UIImageView+AFNetworking.h"; sourceTree = "<group>"; };
		C00BBD8314C1EC2E00CB5002 /* UIImageView+AFNetworking.m */ = {isa = PBXFileReference; fileEncoding = 4; lastKnownFileType = sourcecode.c.objc; path = "UIImageView+AFNetworking.m"; sourceTree = "<group>"; };
		C00BBDC014C1EE3300CB5002 /* Facebook.h */ = {isa = PBXFileReference; fileEncoding = 4; lastKnownFileType = sourcecode.c.h; path = Facebook.h; sourceTree = "<group>"; };
		C00BBDC114C1EE3300CB5002 /* Facebook.m */ = {isa = PBXFileReference; fileEncoding = 4; lastKnownFileType = sourcecode.c.objc; path = Facebook.m; sourceTree = "<group>"; };
		C00BBDC214C1EE3300CB5002 /* facebook_ios_sdk_Prefix.pch */ = {isa = PBXFileReference; fileEncoding = 4; lastKnownFileType = sourcecode.c.h; path = facebook_ios_sdk_Prefix.pch; sourceTree = "<group>"; };
		C00BBDC314C1EE3300CB5002 /* FBConnect.h */ = {isa = PBXFileReference; fileEncoding = 4; lastKnownFileType = sourcecode.c.h; path = FBConnect.h; sourceTree = "<group>"; };
		C00BBDC414C1EE3300CB5002 /* FBDialog.bundle */ = {isa = PBXFileReference; lastKnownFileType = "wrapper.plug-in"; path = FBDialog.bundle; sourceTree = "<group>"; };
		C00BBDC514C1EE3300CB5002 /* FBDialog.h */ = {isa = PBXFileReference; fileEncoding = 4; lastKnownFileType = sourcecode.c.h; path = FBDialog.h; sourceTree = "<group>"; };
		C00BBDC614C1EE3300CB5002 /* FBDialog.m */ = {isa = PBXFileReference; fileEncoding = 4; lastKnownFileType = sourcecode.c.objc; path = FBDialog.m; sourceTree = "<group>"; };
		C00BBDC714C1EE3300CB5002 /* FBLoginDialog.h */ = {isa = PBXFileReference; fileEncoding = 4; lastKnownFileType = sourcecode.c.h; path = FBLoginDialog.h; sourceTree = "<group>"; };
		C00BBDC814C1EE3300CB5002 /* FBLoginDialog.m */ = {isa = PBXFileReference; fileEncoding = 4; lastKnownFileType = sourcecode.c.objc; path = FBLoginDialog.m; sourceTree = "<group>"; };
		C00BBDC914C1EE3300CB5002 /* FBRequest.h */ = {isa = PBXFileReference; fileEncoding = 4; lastKnownFileType = sourcecode.c.h; path = FBRequest.h; sourceTree = "<group>"; };
		C00BBDCA14C1EE3300CB5002 /* FBRequest.m */ = {isa = PBXFileReference; fileEncoding = 4; lastKnownFileType = sourcecode.c.objc; path = FBRequest.m; sourceTree = "<group>"; };
		C00BBDCC14C1EE3300CB5002 /* JSON.h */ = {isa = PBXFileReference; fileEncoding = 4; lastKnownFileType = sourcecode.c.h; path = JSON.h; sourceTree = "<group>"; };
		C00BBDCD14C1EE3300CB5002 /* NSObject+SBJSON.h */ = {isa = PBXFileReference; fileEncoding = 4; lastKnownFileType = sourcecode.c.h; path = "NSObject+SBJSON.h"; sourceTree = "<group>"; };
		C00BBDCE14C1EE3300CB5002 /* NSObject+SBJSON.m */ = {isa = PBXFileReference; fileEncoding = 4; lastKnownFileType = sourcecode.c.objc; path = "NSObject+SBJSON.m"; sourceTree = "<group>"; };
		C00BBDCF14C1EE3300CB5002 /* NSString+SBJSON.h */ = {isa = PBXFileReference; fileEncoding = 4; lastKnownFileType = sourcecode.c.h; path = "NSString+SBJSON.h"; sourceTree = "<group>"; };
		C00BBDD014C1EE3300CB5002 /* NSString+SBJSON.m */ = {isa = PBXFileReference; fileEncoding = 4; lastKnownFileType = sourcecode.c.objc; path = "NSString+SBJSON.m"; sourceTree = "<group>"; };
		C00BBDD114C1EE3300CB5002 /* SBJSON.h */ = {isa = PBXFileReference; fileEncoding = 4; lastKnownFileType = sourcecode.c.h; path = SBJSON.h; sourceTree = "<group>"; };
		C00BBDD214C1EE3300CB5002 /* SBJSON.m */ = {isa = PBXFileReference; fileEncoding = 4; lastKnownFileType = sourcecode.c.objc; path = SBJSON.m; sourceTree = "<group>"; };
		C00BBDD314C1EE3300CB5002 /* SBJsonBase.h */ = {isa = PBXFileReference; fileEncoding = 4; lastKnownFileType = sourcecode.c.h; path = SBJsonBase.h; sourceTree = "<group>"; };
		C00BBDD414C1EE3300CB5002 /* SBJsonBase.m */ = {isa = PBXFileReference; fileEncoding = 4; lastKnownFileType = sourcecode.c.objc; path = SBJsonBase.m; sourceTree = "<group>"; };
		C00BBDD514C1EE3300CB5002 /* SBJsonParser.h */ = {isa = PBXFileReference; fileEncoding = 4; lastKnownFileType = sourcecode.c.h; path = SBJsonParser.h; sourceTree = "<group>"; };
		C00BBDD614C1EE3300CB5002 /* SBJsonParser.m */ = {isa = PBXFileReference; fileEncoding = 4; lastKnownFileType = sourcecode.c.objc; path = SBJsonParser.m; sourceTree = "<group>"; };
		C00BBDD714C1EE3300CB5002 /* SBJsonWriter.h */ = {isa = PBXFileReference; fileEncoding = 4; lastKnownFileType = sourcecode.c.h; path = SBJsonWriter.h; sourceTree = "<group>"; };
		C00BBDD814C1EE3300CB5002 /* SBJsonWriter.m */ = {isa = PBXFileReference; fileEncoding = 4; lastKnownFileType = sourcecode.c.objc; path = SBJsonWriter.m; sourceTree = "<group>"; };
/* End PBXFileReference section */

/* Begin PBXFrameworksBuildPhase section */
		C00BBCB414C1E90900CB5002 /* Frameworks */ = {
			isa = PBXFrameworksBuildPhase;
			buildActionMask = 2147483647;
			files = (
				C00BBCBC14C1E90A00CB5002 /* UIKit.framework in Frameworks */,
				C00BBCBE14C1E90A00CB5002 /* Foundation.framework in Frameworks */,
				C00BBCC014C1E90A00CB5002 /* CoreGraphics.framework in Frameworks */,
			);
			runOnlyForDeploymentPostprocessing = 0;
		};
/* End PBXFrameworksBuildPhase section */

/* Begin PBXGroup section */
		C00BBCAC14C1E90900CB5002 = {
			isa = PBXGroup;
			children = (
				C00BBCC114C1E90A00CB5002 /* FBDemoApp */,
				C00BBCBA14C1E90900CB5002 /* Frameworks */,
				C00BBCB814C1E90900CB5002 /* Products */,
			);
			sourceTree = "<group>";
		};
		C00BBCB814C1E90900CB5002 /* Products */ = {
			isa = PBXGroup;
			children = (
				C00BBCB714C1E90900CB5002 /* FBDemoApp.app */,
			);
			name = Products;
			sourceTree = "<group>";
		};
		C00BBCBA14C1E90900CB5002 /* Frameworks */ = {
			isa = PBXGroup;
			children = (
				C00BBCBB14C1E90A00CB5002 /* UIKit.framework */,
				C00BBCBD14C1E90A00CB5002 /* Foundation.framework */,
				C00BBCBF14C1E90A00CB5002 /* CoreGraphics.framework */,
			);
			name = Frameworks;
			sourceTree = "<group>";
		};
		C00BBCC114C1E90A00CB5002 /* FBDemoApp */ = {
			isa = PBXGroup;
			children = (
				C00BBCD814C1EBC600CB5002 /* Externals */,
				C00BBCCA14C1E90A00CB5002 /* AppDelegate.h */,
				C00BBCCB14C1E90A00CB5002 /* AppDelegate.m */,
				C00BBCCD14C1E90A00CB5002 /* ViewController.h */,
				C00BBCCE14C1E90A00CB5002 /* ViewController.m */,
				C00BBCD014C1E90A00CB5002 /* ViewController.xib */,
				C00BBCC214C1E90A00CB5002 /* Supporting Files */,
			);
			path = FBDemoApp;
			sourceTree = "<group>";
		};
		C00BBCC214C1E90A00CB5002 /* Supporting Files */ = {
			isa = PBXGroup;
			children = (
				C00BBCC314C1E90A00CB5002 /* FBDemoApp-Info.plist */,
				C00BBCC414C1E90A00CB5002 /* InfoPlist.strings */,
				C00BBCC714C1E90A00CB5002 /* main.m */,
				C00BBCC914C1E90A00CB5002 /* FBDemoApp-Prefix.pch */,
			);
			name = "Supporting Files";
			sourceTree = "<group>";
		};
		C00BBCD814C1EBC600CB5002 /* Externals */ = {
			isa = PBXGroup;
			children = (
				C00BBDBC14C1EE3300CB5002 /* Facebook */,
				C00BBD6D14C1EC2E00CB5002 /* AFNetworking */,
			);
			name = Externals;
			sourceTree = "<group>";
		};
		C00BBD6D14C1EC2E00CB5002 /* AFNetworking */ = {
			isa = PBXGroup;
			children = (
				C00BBD6E14C1EC2E00CB5002 /* AFHTTPClient.h */,
				C00BBD6F14C1EC2E00CB5002 /* AFHTTPClient.m */,
				C00BBD7014C1EC2E00CB5002 /* AFHTTPRequestOperation.h */,
				C00BBD7114C1EC2E00CB5002 /* AFHTTPRequestOperation.m */,
				C00BBD7214C1EC2E00CB5002 /* AFImageCache.h */,
				C00BBD7314C1EC2E00CB5002 /* AFImageCache.m */,
				C00BBD7414C1EC2E00CB5002 /* AFImageRequestOperation.h */,
				C00BBD7514C1EC2E00CB5002 /* AFImageRequestOperation.m */,
				C00BBD7614C1EC2E00CB5002 /* AFJSONRequestOperation.h */,
				C00BBD7714C1EC2E00CB5002 /* AFJSONRequestOperation.m */,
				C00BBD7814C1EC2E00CB5002 /* AFJSONUtilities.h */,
				C00BBD7914C1EC2E00CB5002 /* AFNetworkActivityIndicatorManager.h */,
				C00BBD7A14C1EC2E00CB5002 /* AFNetworkActivityIndicatorManager.m */,
				C00BBD7B14C1EC2E00CB5002 /* AFNetworking.h */,
				C00BBD7C14C1EC2E00CB5002 /* AFPropertyListRequestOperation.h */,
				C00BBD7D14C1EC2E00CB5002 /* AFPropertyListRequestOperation.m */,
				C00BBD7E14C1EC2E00CB5002 /* AFURLConnectionOperation.h */,
				C00BBD7F14C1EC2E00CB5002 /* AFURLConnectionOperation.m */,
				C00BBD8014C1EC2E00CB5002 /* AFXMLRequestOperation.h */,
				C00BBD8114C1EC2E00CB5002 /* AFXMLRequestOperation.m */,
				C00BBD8214C1EC2E00CB5002 /* UIImageView+AFNetworking.h */,
				C00BBD8314C1EC2E00CB5002 /* UIImageView+AFNetworking.m */,
			);
			name = AFNetworking;
			path = ../../AFNetworking/AFNetworking;
			sourceTree = "<group>";
		};
		C00BBDBC14C1EE3300CB5002 /* Facebook */ = {
			isa = PBXGroup;
			children = (
				C00BBDC014C1EE3300CB5002 /* Facebook.h */,
				C00BBDC114C1EE3300CB5002 /* Facebook.m */,
				C00BBDC214C1EE3300CB5002 /* facebook_ios_sdk_Prefix.pch */,
				C00BBDC314C1EE3300CB5002 /* FBConnect.h */,
				C00BBDC414C1EE3300CB5002 /* FBDialog.bundle */,
				C00BBDC514C1EE3300CB5002 /* FBDialog.h */,
				C00BBDC614C1EE3300CB5002 /* FBDialog.m */,
				C00BBDC714C1EE3300CB5002 /* FBLoginDialog.h */,
				C00BBDC814C1EE3300CB5002 /* FBLoginDialog.m */,
				C00BBDC914C1EE3300CB5002 /* FBRequest.h */,
				C00BBDCA14C1EE3300CB5002 /* FBRequest.m */,
				C00BBDCB14C1EE3300CB5002 /* JSON */,
			);
			name = Facebook;
			path = "../../facebook-ios-sdk/src";
			sourceTree = "<group>";
		};
		C00BBDCB14C1EE3300CB5002 /* JSON */ = {
			isa = PBXGroup;
			children = (
				C00BBDCC14C1EE3300CB5002 /* JSON.h */,
				C00BBDCD14C1EE3300CB5002 /* NSObject+SBJSON.h */,
				C00BBDCE14C1EE3300CB5002 /* NSObject+SBJSON.m */,
				C00BBDCF14C1EE3300CB5002 /* NSString+SBJSON.h */,
				C00BBDD014C1EE3300CB5002 /* NSString+SBJSON.m */,
				C00BBDD114C1EE3300CB5002 /* SBJSON.h */,
				C00BBDD214C1EE3300CB5002 /* SBJSON.m */,
				C00BBDD314C1EE3300CB5002 /* SBJsonBase.h */,
				C00BBDD414C1EE3300CB5002 /* SBJsonBase.m */,
				C00BBDD514C1EE3300CB5002 /* SBJsonParser.h */,
				C00BBDD614C1EE3300CB5002 /* SBJsonParser.m */,
				C00BBDD714C1EE3300CB5002 /* SBJsonWriter.h */,
				C00BBDD814C1EE3300CB5002 /* SBJsonWriter.m */,
			);
			path = JSON;
			sourceTree = "<group>";
		};
/* End PBXGroup section */

/* Begin PBXNativeTarget section */
		C00BBCB614C1E90900CB5002 /* FBDemoApp */ = {
			isa = PBXNativeTarget;
			buildConfigurationList = C00BBCD514C1E90A00CB5002 /* Build configuration list for PBXNativeTarget "FBDemoApp" */;
			buildPhases = (
				C00BBCB314C1E90900CB5002 /* Sources */,
				C00BBCB414C1E90900CB5002 /* Frameworks */,
				C00BBCB514C1E90900CB5002 /* Resources */,
			);
			buildRules = (
			);
			dependencies = (
			);
			name = FBDemoApp;
			productName = FBDemoApp;
			productReference = C00BBCB714C1E90900CB5002 /* FBDemoApp.app */;
			productType = "com.apple.product-type.application";
		};
/* End PBXNativeTarget section */

/* Begin PBXProject section */
		C00BBCAE14C1E90900CB5002 /* Project object */ = {
			isa = PBXProject;
			attributes = {
				LastUpgradeCheck = 0420;
			};
			buildConfigurationList = C00BBCB114C1E90900CB5002 /* Build configuration list for PBXProject "FBDemoApp" */;
			compatibilityVersion = "Xcode 3.2";
			developmentRegion = English;
			hasScannedForEncodings = 0;
			knownRegions = (
				en,
			);
			mainGroup = C00BBCAC14C1E90900CB5002;
			productRefGroup = C00BBCB814C1E90900CB5002 /* Products */;
			projectDirPath = "";
			projectRoot = "";
			targets = (
				C00BBCB614C1E90900CB5002 /* FBDemoApp */,
			);
		};
/* End PBXProject section */

/* Begin PBXResourcesBuildPhase section */
		C00BBCB514C1E90900CB5002 /* Resources */ = {
			isa = PBXResourcesBuildPhase;
			buildActionMask = 2147483647;
			files = (
				C00BBCC614C1E90A00CB5002 /* InfoPlist.strings in Resources */,
				C00BBCD214C1E90A00CB5002 /* ViewController.xib in Resources */,
				C00BBDDD14C1EE3300CB5002 /* FBDialog.bundle in Resources */,
			);
			runOnlyForDeploymentPostprocessing = 0;
		};
/* End PBXResourcesBuildPhase section */

/* Begin PBXSourcesBuildPhase section */
		C00BBCB314C1E90900CB5002 /* Sources */ = {
			isa = PBXSourcesBuildPhase;
			buildActionMask = 2147483647;
			files = (
				C00BBCC814C1E90A00CB5002 /* main.m in Sources */,
				C00BBCCC14C1E90A00CB5002 /* AppDelegate.m in Sources */,
				C00BBCCF14C1E90A00CB5002 /* ViewController.m in Sources */,
				C00BBD8414C1EC2E00CB5002 /* AFHTTPClient.m in Sources */,
				C00BBD8514C1EC2E00CB5002 /* AFHTTPRequestOperation.m in Sources */,
				C00BBD8614C1EC2E00CB5002 /* AFImageCache.m in Sources */,
				C00BBD8714C1EC2E00CB5002 /* AFImageRequestOperation.m in Sources */,
				C00BBD8814C1EC2E00CB5002 /* AFJSONRequestOperation.m in Sources */,
				C00BBD8914C1EC2E00CB5002 /* AFNetworkActivityIndicatorManager.m in Sources */,
				C00BBD8A14C1EC2E00CB5002 /* AFPropertyListRequestOperation.m in Sources */,
				C00BBD8B14C1EC2E00CB5002 /* AFURLConnectionOperation.m in Sources */,
				C00BBD8C14C1EC2E00CB5002 /* AFXMLRequestOperation.m in Sources */,
				C00BBD8D14C1EC2E00CB5002 /* UIImageView+AFNetworking.m in Sources */,
				C00BBDDC14C1EE3300CB5002 /* Facebook.m in Sources */,
				C00BBDDE14C1EE3300CB5002 /* FBDialog.m in Sources */,
				C00BBDDF14C1EE3300CB5002 /* FBLoginDialog.m in Sources */,
				C00BBDE014C1EE3300CB5002 /* FBRequest.m in Sources */,
				C00BBDE114C1EE3300CB5002 /* NSObject+SBJSON.m in Sources */,
				C00BBDE214C1EE3300CB5002 /* NSString+SBJSON.m in Sources */,
				C00BBDE314C1EE3300CB5002 /* SBJSON.m in Sources */,
				C00BBDE414C1EE3300CB5002 /* SBJsonBase.m in Sources */,
				C00BBDE514C1EE3300CB5002 /* SBJsonParser.m in Sources */,
				C00BBDE614C1EE3300CB5002 /* SBJsonWriter.m in Sources */,
			);
			runOnlyForDeploymentPostprocessing = 0;
		};
/* End PBXSourcesBuildPhase section */

/* Begin PBXVariantGroup section */
		C00BBCC414C1E90A00CB5002 /* InfoPlist.strings */ = {
			isa = PBXVariantGroup;
			children = (
				C00BBCC514C1E90A00CB5002 /* en */,
			);
			name = InfoPlist.strings;
			sourceTree = "<group>";
		};
		C00BBCD014C1E90A00CB5002 /* ViewController.xib */ = {
			isa = PBXVariantGroup;
			children = (
				C00BBCD114C1E90A00CB5002 /* en */,
			);
			name = ViewController.xib;
			sourceTree = "<group>";
		};
/* End PBXVariantGroup section */

/* Begin XCBuildConfiguration section */
		C00BBCD314C1E90A00CB5002 /* Debug */ = {
			isa = XCBuildConfiguration;
			buildSettings = {
				ALWAYS_SEARCH_USER_PATHS = NO;
				ARCHS = "$(ARCHS_STANDARD_32_BIT)";
				"CODE_SIGN_IDENTITY[sdk=iphoneos*]" = "iPhone Developer";
				COPY_PHASE_STRIP = NO;
				GCC_C_LANGUAGE_STANDARD = gnu99;
				GCC_DYNAMIC_NO_PIC = NO;
				GCC_OPTIMIZATION_LEVEL = 0;
				GCC_PREPROCESSOR_DEFINITIONS = (
					"DEBUG=1",
					"$(inherited)",
				);
				GCC_SYMBOLS_PRIVATE_EXTERN = NO;
				GCC_VERSION = com.apple.compilers.llvm.clang.1_0;
				GCC_WARN_ABOUT_MISSING_PROTOTYPES = YES;
				GCC_WARN_ABOUT_RETURN_TYPE = YES;
				GCC_WARN_UNUSED_VARIABLE = YES;
				IPHONEOS_DEPLOYMENT_TARGET = 5.0;
				SDKROOT = iphoneos;
			};
			name = Debug;
		};
		C00BBCD414C1E90A00CB5002 /* Release */ = {
			isa = XCBuildConfiguration;
			buildSettings = {
				ALWAYS_SEARCH_USER_PATHS = NO;
				ARCHS = "$(ARCHS_STANDARD_32_BIT)";
				"CODE_SIGN_IDENTITY[sdk=iphoneos*]" = "iPhone Developer";
				COPY_PHASE_STRIP = YES;
				GCC_C_LANGUAGE_STANDARD = gnu99;
				GCC_VERSION = com.apple.compilers.llvm.clang.1_0;
				GCC_WARN_ABOUT_MISSING_PROTOTYPES = YES;
				GCC_WARN_ABOUT_RETURN_TYPE = YES;
				GCC_WARN_UNUSED_VARIABLE = YES;
				IPHONEOS_DEPLOYMENT_TARGET = 5.0;
				OTHER_CFLAGS = "-DNS_BLOCK_ASSERTIONS=1";
				SDKROOT = iphoneos;
				VALIDATE_PRODUCT = YES;
			};
			name = Release;
		};
		C00BBCD614C1E90A00CB5002 /* Debug */ = {
			isa = XCBuildConfiguration;
			buildSettings = {
				GCC_PRECOMPILE_PREFIX_HEADER = YES;
				GCC_PREFIX_HEADER = "FBDemoApp/FBDemoApp-Prefix.pch";
				INFOPLIST_FILE = "FBDemoApp/FBDemoApp-Info.plist";
				PRODUCT_NAME = "$(TARGET_NAME)";
				WRAPPER_EXTENSION = app;
			};
			name = Debug;
		};
		C00BBCD714C1E90A00CB5002 /* Release */ = {
			isa = XCBuildConfiguration;
			buildSettings = {
				GCC_PRECOMPILE_PREFIX_HEADER = YES;
				GCC_PREFIX_HEADER = "FBDemoApp/FBDemoApp-Prefix.pch";
				INFOPLIST_FILE = "FBDemoApp/FBDemoApp-Info.plist";
				PRODUCT_NAME = "$(TARGET_NAME)";
				WRAPPER_EXTENSION = app;
			};
			name = Release;
		};
/* End XCBuildConfiguration section */

/* Begin XCConfigurationList section */
		C00BBCB114C1E90900CB5002 /* Build configuration list for PBXProject "FBDemoApp" */ = {
			isa = XCConfigurationList;
			buildConfigurations = (
				C00BBCD314C1E90A00CB5002 /* Debug */,
				C00BBCD414C1E90A00CB5002 /* Release */,
			);
			defaultConfigurationIsVisible = 0;
			defaultConfigurationName = Release;
		};
		C00BBCD514C1E90A00CB5002 /* Build configuration list for PBXNativeTarget "FBDemoApp" */ = {
			isa = XCConfigurationList;
			buildConfigurations = (
				C00BBCD614C1E90A00CB5002 /* Debug */,
				C00BBCD714C1E90A00CB5002 /* Release */,
			);
			defaultConfigurationIsVisible = 0;
		};
/* End XCConfigurationList section */
	};
	rootObject = C00BBCAE14C1E90900CB5002 /* Project object */;
}
